
Microsoft Visual Studio Solution File, Format Version 12.00
# Visual Studio Version 17
VisualStudioVersion = 17.7.34031.279
MinimumVisualStudioVersion = 10.0.40219.1
Project("{9A19103F-16F7-4668-BE54-9A1E7A4F7556}") = "CQ.Utility", "CQ.Utility\CQ.Utility.csproj", "{57F96B44-9A41-45BF-AADC-FF0BCAFE904A}"
EndProject
Project("{FAE04EC0-301F-11D3-BF4B-00C04F79EFBC}") = "CQ.Utility.Tests", "CQ.Utility.Tests\CQ.Utility.Tests.csproj", "{0B70A82A-13B6-44A7-9468-0E52CD58A135}"
EndProject
Global
	GlobalSection(SolutionConfigurationPlatforms) = preSolution
		Debug|Any CPU = Debug|Any CPU
		Release|Any CPU = Release|Any CPU
	EndGlobalSection
	GlobalSection(ProjectConfigurationPlatforms) = postSolution
		{57F96B44-9A41-45BF-AADC-FF0BCAFE904A}.Debug|Any CPU.ActiveCfg = Debug|Any CPU
		{57F96B44-9A41-45BF-AADC-FF0BCAFE904A}.Debug|Any CPU.Build.0 = Debug|Any CPU
		{57F96B44-9A41-45BF-AADC-FF0BCAFE904A}.Release|Any CPU.ActiveCfg = Release|Any CPU
		{57F96B44-9A41-45BF-AADC-FF0BCAFE904A}.Release|Any CPU.Build.0 = Release|Any CPU
		{0B70A82A-13B6-44A7-9468-0E52CD58A135}.Debug|Any CPU.ActiveCfg = Debug|Any CPU
		{0B70A82A-13B6-44A7-9468-0E52CD58A135}.Debug|Any CPU.Build.0 = Debug|Any CPU
		{0B70A82A-13B6-44A7-9468-0E52CD58A135}.Release|Any CPU.ActiveCfg = Release|Any CPU
		{0B70A82A-13B6-44A7-9468-0E52CD58A135}.Release|Any CPU.Build.0 = Release|Any CPU
	EndGlobalSection
	GlobalSection(SolutionProperties) = preSolution
		HideSolutionNode = FALSE
	EndGlobalSection
	GlobalSection(ExtensibilityGlobals) = postSolution
		SolutionGuid = {BD7600FA-C0B7-4028-90BB-E61D65B39D3D}
	EndGlobalSection
EndGlobal
